// !$*UTF8*$!
{
	archiveVersion = 1;
	classes = {
	};
	objectVersion = 46;
	objects = {

/* Begin PBXBuildFile section */
		9DA144621DCD59D600E2FA70 /* AppDelegate.swift in Sources */ = {isa = PBXBuildFile; fileRef = 9DA144611DCD59D600E2FA70 /* AppDelegate.swift */; };
		9DA144671DCD59D600E2FA70 /* Main.storyboard in Resources */ = {isa = PBXBuildFile; fileRef = 9DA144651DCD59D600E2FA70 /* Main.storyboard */; };
		9DA144691DCD59D600E2FA70 /* Assets.xcassets in Resources */ = {isa = PBXBuildFile; fileRef = 9DA144681DCD59D600E2FA70 /* Assets.xcassets */; };
		9DA1446C1DCD59D600E2FA70 /* LaunchScreen.storyboard in Resources */ = {isa = PBXBuildFile; fileRef = 9DA1446A1DCD59D600E2FA70 /* LaunchScreen.storyboard */; };
		9DA144771DCD59D700E2FA70 /* iQuizTests.swift in Sources */ = {isa = PBXBuildFile; fileRef = 9DA144761DCD59D700E2FA70 /* iQuizTests.swift */; };
		9DA144821DCD59D700E2FA70 /* iQuizUITests.swift in Sources */ = {isa = PBXBuildFile; fileRef = 9DA144811DCD59D700E2FA70 /* iQuizUITests.swift */; };
		9DA144901DCD5A7F00E2FA70 /* iQuizTableViewController.swift in Sources */ = {isa = PBXBuildFile; fileRef = 9DA1448F1DCD5A7F00E2FA70 /* iQuizTableViewController.swift */; };
		9DA144921DCD5AD200E2FA70 /* iQuizTableViewCell.swift in Sources */ = {isa = PBXBuildFile; fileRef = 9DA144911DCD5AD200E2FA70 /* iQuizTableViewCell.swift */; };
/* End PBXBuildFile section */

/* Begin PBXContainerItemProxy section */
		9DA144731DCD59D700E2FA70 /* PBXContainerItemProxy */ = {
			isa = PBXContainerItemProxy;
			containerPortal = 9DA144561DCD59D600E2FA70 /* Project object */;
			proxyType = 1;
			remoteGlobalIDString = 9DA1445D1DCD59D600E2FA70;
			remoteInfo = iQuiz;
		};
		9DA1447E1DCD59D700E2FA70 /* PBXContainerItemProxy */ = {
			isa = PBXContainerItemProxy;
			containerPortal = 9DA144561DCD59D600E2FA70 /* Project object */;
			proxyType = 1;
			remoteGlobalIDString = 9DA1445D1DCD59D600E2FA70;
			remoteInfo = iQuiz;
		};
/* End PBXContainerItemProxy section */

/* Begin PBXFileReference section */
		9DA1445E1DCD59D600E2FA70 /* iQuiz.app */ = {isa = PBXFileReference; explicitFileType = wrapper.application; includeInIndex = 0; path = iQuiz.app; sourceTree = BUILT_PRODUCTS_DIR; };
		9DA144611DCD59D600E2FA70 /* AppDelegate.swift */ = {isa = PBXFileReference; lastKnownFileType = sourcecode.swift; path = AppDelegate.swift; sourceTree = "<group>"; };
		9DA144661DCD59D600E2FA70 /* Base */ = {isa = PBXFileReference; lastKnownFileType = file.storyboard; name = Base; path = Base.lproj/Main.storyboard; sourceTree = "<group>"; };
		9DA144681DCD59D600E2FA70 /* Assets.xcassets */ = {isa = PBXFileReference; lastKnownFileType = folder.assetcatalog; path = Assets.xcassets; sourceTree = "<group>"; };
		9DA1446B1DCD59D600E2FA70 /* Base */ = {isa = PBXFileReference; lastKnownFileType = file.storyboard; name = Base; path = Base.lproj/LaunchScreen.storyboard; sourceTree = "<group>"; };
		9DA1446D1DCD59D600E2FA70 /* Info.plist */ = {isa = PBXFileReference; lastKnownFileType = text.plist.xml; path = Info.plist; sourceTree = "<group>"; };
		9DA144721DCD59D700E2FA70 /* iQuizTests.xctest */ = {isa = PBXFileReference; explicitFileType = wrapper.cfbundle; includeInIndex = 0; path = iQuizTests.xctest; sourceTree = BUILT_PRODUCTS_DIR; };
		9DA144761DCD59D700E2FA70 /* iQuizTests.swift */ = {isa = PBXFileReference; lastKnownFileType = sourcecode.swift; path = iQuizTests.swift; sourceTree = "<group>"; };
		9DA144781DCD59D700E2FA70 /* Info.plist */ = {isa = PBXFileReference; lastKnownFileType = text.plist.xml; path = Info.plist; sourceTree = "<group>"; };
		9DA1447D1DCD59D700E2FA70 /* iQuizUITests.xctest */ = {isa = PBXFileReference; explicitFileType = wrapper.cfbundle; includeInIndex = 0; path = iQuizUITests.xctest; sourceTree = BUILT_PRODUCTS_DIR; };
		9DA144811DCD59D700E2FA70 /* iQuizUITests.swift */ = {isa = PBXFileReference; lastKnownFileType = sourcecode.swift; path = iQuizUITests.swift; sourceTree = "<group>"; };
		9DA144831DCD59D700E2FA70 /* Info.plist */ = {isa = PBXFileReference; lastKnownFileType = text.plist.xml; path = Info.plist; sourceTree = "<group>"; };
		9DA1448F1DCD5A7F00E2FA70 /* iQuizTableViewController.swift */ = {isa = PBXFileReference; fileEncoding = 4; lastKnownFileType = sourcecode.swift; path = iQuizTableViewController.swift; sourceTree = "<group>"; };
		9DA144911DCD5AD200E2FA70 /* iQuizTableViewCell.swift */ = {isa = PBXFileReference; fileEncoding = 4; lastKnownFileType = sourcecode.swift; path = iQuizTableViewCell.swift; sourceTree = "<group>"; };
/* End PBXFileReference section */

/* Begin PBXFrameworksBuildPhase section */
		9DA1445B1DCD59D600E2FA70 /* Frameworks */ = {
			isa = PBXFrameworksBuildPhase;
			buildActionMask = 2147483647;
			files = (
			);
			runOnlyForDeploymentPostprocessing = 0;
		};
		9DA1446F1DCD59D700E2FA70 /* Frameworks */ = {
			isa = PBXFrameworksBuildPhase;
			buildActionMask = 2147483647;
			files = (
			);
			runOnlyForDeploymentPostprocessing = 0;
		};
		9DA1447A1DCD59D700E2FA70 /* Frameworks */ = {
			isa = PBXFrameworksBuildPhase;
			buildActionMask = 2147483647;
			files = (
			);
			runOnlyForDeploymentPostprocessing = 0;
		};
/* End PBXFrameworksBuildPhase section */

/* Begin PBXGroup section */
		9DA144551DCD59D600E2FA70 = {
			isa = PBXGroup;
			children = (
				9DA144601DCD59D600E2FA70 /* iQuiz */,
				9DA144751DCD59D700E2FA70 /* iQuizTests */,
				9DA144801DCD59D700E2FA70 /* iQuizUITests */,
				9DA1445F1DCD59D600E2FA70 /* Products */,
			);
			sourceTree = "<group>";
		};
		9DA1445F1DCD59D600E2FA70 /* Products */ = {
			isa = PBXGroup;
			children = (
				9DA1445E1DCD59D600E2FA70 /* iQuiz.app */,
				9DA144721DCD59D700E2FA70 /* iQuizTests.xctest */,
				9DA1447D1DCD59D700E2FA70 /* iQuizUITests.xctest */,
			);
			name = Products;
			sourceTree = "<group>";
		};
		9DA144601DCD59D600E2FA70 /* iQuiz */ = {
			isa = PBXGroup;
			children = (
				9DA144611DCD59D600E2FA70 /* AppDelegate.swift */,
				9DA144651DCD59D600E2FA70 /* Main.storyboard */,
				9DA144681DCD59D600E2FA70 /* Assets.xcassets */,
				9DA1446A1DCD59D600E2FA70 /* LaunchScreen.storyboard */,
				9DA1446D1DCD59D600E2FA70 /* Info.plist */,
				9DA1448F1DCD5A7F00E2FA70 /* iQuizTableViewController.swift */,
				9DA144911DCD5AD200E2FA70 /* iQuizTableViewCell.swift */,
			);
			path = iQuiz;
			sourceTree = "<group>";
		};
		9DA144751DCD59D700E2FA70 /* iQuizTests */ = {
			isa = PBXGroup;
			children = (
				9DA144761DCD59D700E2FA70 /* iQuizTests.swift */,
				9DA144781DCD59D700E2FA70 /* Info.plist */,
			);
			path = iQuizTests;
			sourceTree = "<group>";
		};
		9DA144801DCD59D700E2FA70 /* iQuizUITests */ = {
			isa = PBXGroup;
			children = (
				9DA144811DCD59D700E2FA70 /* iQuizUITests.swift */,
				9DA144831DCD59D700E2FA70 /* Info.plist */,
			);
			path = iQuizUITests;
			sourceTree = "<group>";
		};
/* End PBXGroup section */

/* Begin PBXNativeTarget section */
		9DA1445D1DCD59D600E2FA70 /* iQuiz */ = {
			isa = PBXNativeTarget;
			buildConfigurationList = 9DA144861DCD59D700E2FA70 /* Build configuration list for PBXNativeTarget "iQuiz" */;
			buildPhases = (
				9DA1445A1DCD59D600E2FA70 /* Sources */,
				9DA1445B1DCD59D600E2FA70 /* Frameworks */,
				9DA1445C1DCD59D600E2FA70 /* Resources */,
			);
			buildRules = (
			);
			dependencies = (
			);
			name = iQuiz;
			productName = iQuiz;
			productReference = 9DA1445E1DCD59D600E2FA70 /* iQuiz.app */;
			productType = "com.apple.product-type.application";
		};
		9DA144711DCD59D700E2FA70 /* iQuizTests */ = {
			isa = PBXNativeTarget;
			buildConfigurationList = 9DA144891DCD59D700E2FA70 /* Build configuration list for PBXNativeTarget "iQuizTests" */;
			buildPhases = (
				9DA1446E1DCD59D700E2FA70 /* Sources */,
				9DA1446F1DCD59D700E2FA70 /* Frameworks */,
				9DA144701DCD59D700E2FA70 /* Resources */,
			);
			buildRules = (
			);
			dependencies = (
				9DA144741DCD59D700E2FA70 /* PBXTargetDependency */,
			);
			name = iQuizTests;
			productName = iQuizTests;
			productReference = 9DA144721DCD59D700E2FA70 /* iQuizTests.xctest */;
			productType = "com.apple.product-type.bundle.unit-test";
		};
		9DA1447C1DCD59D700E2FA70 /* iQuizUITests */ = {
			isa = PBXNativeTarget;
			buildConfigurationList = 9DA1448C1DCD59D700E2FA70 /* Build configuration list for PBXNativeTarget "iQuizUITests" */;
			buildPhases = (
				9DA144791DCD59D700E2FA70 /* Sources */,
				9DA1447A1DCD59D700E2FA70 /* Frameworks */,
				9DA1447B1DCD59D700E2FA70 /* Resources */,
			);
			buildRules = (
			);
			dependencies = (
				9DA1447F1DCD59D700E2FA70 /* PBXTargetDependency */,
			);
			name = iQuizUITests;
			productName = iQuizUITests;
			productReference = 9DA1447D1DCD59D700E2FA70 /* iQuizUITests.xctest */;
			productType = "com.apple.product-type.bundle.ui-testing";
		};
/* End PBXNativeTarget section */

/* Begin PBXProject section */
		9DA144561DCD59D600E2FA70 /* Project object */ = {
			isa = PBXProject;
			attributes = {
				LastSwiftUpdateCheck = 0800;
				LastUpgradeCheck = 0800;
				ORGANIZATIONNAME = iSchool;
				TargetAttributes = {
					9DA1445D1DCD59D600E2FA70 = {
						CreatedOnToolsVersion = 8.0;
						ProvisioningStyle = Automatic;
					};
					9DA144711DCD59D700E2FA70 = {
						CreatedOnToolsVersion = 8.0;
						ProvisioningStyle = Automatic;
						TestTargetID = 9DA1445D1DCD59D600E2FA70;
					};
					9DA1447C1DCD59D700E2FA70 = {
						CreatedOnToolsVersion = 8.0;
						ProvisioningStyle = Automatic;
						TestTargetID = 9DA1445D1DCD59D600E2FA70;
					};
				};
			};
			buildConfigurationList = 9DA144591DCD59D600E2FA70 /* Build configuration list for PBXProject "iQuiz" */;
			compatibilityVersion = "Xcode 3.2";
			developmentRegion = English;
			hasScannedForEncodings = 0;
			knownRegions = (
				en,
				Base,
			);
			mainGroup = 9DA144551DCD59D600E2FA70;
			productRefGroup = 9DA1445F1DCD59D600E2FA70 /* Products */;
			projectDirPath = "";
			projectRoot = "";
			targets = (
				9DA1445D1DCD59D600E2FA70 /* iQuiz */,
				9DA144711DCD59D700E2FA70 /* iQuizTests */,
				9DA1447C1DCD59D700E2FA70 /* iQuizUITests */,
			);
		};
/* End PBXProject section */

/* Begin PBXResourcesBuildPhase section */
		9DA1445C1DCD59D600E2FA70 /* Resources */ = {
			isa = PBXResourcesBuildPhase;
			buildActionMask = 2147483647;
			files = (
				9DA1446C1DCD59D600E2FA70 /* LaunchScreen.storyboard in Resources */,
				9DA144691DCD59D600E2FA70 /* Assets.xcassets in Resources */,
				9DA144671DCD59D600E2FA70 /* Main.storyboard in Resources */,
			);
			runOnlyForDeploymentPostprocessing = 0;
		};
		9DA144701DCD59D700E2FA70 /* Resources */ = {
			isa = PBXResourcesBuildPhase;
			buildActionMask = 2147483647;
			files = (
			);
			runOnlyForDeploymentPostprocessing = 0;
		};
		9DA1447B1DCD59D700E2FA70 /* Resources */ = {
			isa = PBXResourcesBuildPhase;
			buildActionMask = 2147483647;
			files = (
			);
			runOnlyForDeploymentPostprocessing = 0;
		};
/* End PBXResourcesBuildPhase section */

/* Begin PBXSourcesBuildPhase section */
		9DA1445A1DCD59D600E2FA70 /* Sources */ = {
			isa = PBXSourcesBuildPhase;
			buildActionMask = 2147483647;
			files = (
				9DA144901DCD5A7F00E2FA70 /* iQuizTableViewController.swift in Sources */,
				9DA144921DCD5AD200E2FA70 /* iQuizTableViewCell.swift in Sources */,
				9DA144621DCD59D600E2FA70 /* AppDelegate.swift in Sources */,
			);
			runOnlyForDeploymentPostprocessing = 0;
		};
		9DA1446E1DCD59D700E2FA70 /* Sources */ = {
			isa = PBXSourcesBuildPhase;
			buildActionMask = 2147483647;
			files = (
				9DA144771DCD59D700E2FA70 /* iQuizTests.swift in Sources */,
			);
			runOnlyForDeploymentPostprocessing = 0;
		};
		9DA144791DCD59D700E2FA70 /* Sources */ = {
			isa = PBXSourcesBuildPhase;
			buildActionMask = 2147483647;
			files = (
				9DA144821DCD59D700E2FA70 /* iQuizUITests.swift in Sources */,
			);
			runOnlyForDeploymentPostprocessing = 0;
		};
/* End PBXSourcesBuildPhase section */

/* Begin PBXTargetDependency section */
		9DA144741DCD59D700E2FA70 /* PBXTargetDependency */ = {
			isa = PBXTargetDependency;
			target = 9DA1445D1DCD59D600E2FA70 /* iQuiz */;
			targetProxy = 9DA144731DCD59D700E2FA70 /* PBXContainerItemProxy */;
		};
		9DA1447F1DCD59D700E2FA70 /* PBXTargetDependency */ = {
			isa = PBXTargetDependency;
			target = 9DA1445D1DCD59D600E2FA70 /* iQuiz */;
			targetProxy = 9DA1447E1DCD59D700E2FA70 /* PBXContainerItemProxy */;
		};
/* End PBXTargetDependency section */

/* Begin PBXVariantGroup section */
		9DA144651DCD59D600E2FA70 /* Main.storyboard */ = {
			isa = PBXVariantGroup;
			children = (
				9DA144661DCD59D600E2FA70 /* Base */,
			);
			name = Main.storyboard;
			sourceTree = "<group>";
		};
		9DA1446A1DCD59D600E2FA70 /* LaunchScreen.storyboard */ = {
			isa = PBXVariantGroup;
			children = (
				9DA1446B1DCD59D600E2FA70 /* Base */,
			);
			name = LaunchScreen.storyboard;
			sourceTree = "<group>";
		};
/* End PBXVariantGroup section */

/* Begin XCBuildConfiguration section */
		9DA144841DCD59D700E2FA70 /* Debug */ = {
			isa = XCBuildConfiguration;
			buildSettings = {
				ALWAYS_SEARCH_USER_PATHS = NO;
				CLANG_ANALYZER_NONNULL = YES;
				CLANG_CXX_LANGUAGE_STANDARD = "gnu++0x";
				CLANG_CXX_LIBRARY = "libc++";
				CLANG_ENABLE_MODULES = YES;
				CLANG_ENABLE_OBJC_ARC = YES;
				CLANG_WARN_BOOL_CONVERSION = YES;
				CLANG_WARN_CONSTANT_CONVERSION = YES;
				CLANG_WARN_DIRECT_OBJC_ISA_USAGE = YES_ERROR;
				CLANG_WARN_DOCUMENTATION_COMMENTS = YES;
				CLANG_WARN_EMPTY_BODY = YES;
				CLANG_WARN_ENUM_CONVERSION = YES;
				CLANG_WARN_INFINITE_RECURSION = YES;
				CLANG_WARN_INT_CONVERSION = YES;
				CLANG_WARN_OBJC_ROOT_CLASS = YES_ERROR;
				CLANG_WARN_SUSPICIOUS_MOVES = YES;
				CLANG_WARN_UNREACHABLE_CODE = YES;
				CLANG_WARN__DUPLICATE_METHOD_MATCH = YES;
				"CODE_SIGN_IDENTITY[sdk=iphoneos*]" = "iPhone Developer";
				COPY_PHASE_STRIP = NO;
				DEBUG_INFORMATION_FORMAT = dwarf;
				ENABLE_STRICT_OBJC_MSGSEND = YES;
				ENABLE_TESTABILITY = YES;
				GCC_C_LANGUAGE_STANDARD = gnu99;
				GCC_DYNAMIC_NO_PIC = NO;
				GCC_NO_COMMON_BLOCKS = YES;
				GCC_OPTIMIZATION_LEVEL = 0;
				GCC_PREPROCESSOR_DEFINITIONS = (
					"DEBUG=1",
					"$(inherited)",
				);
				GCC_WARN_64_TO_32_BIT_CONVERSION = YES;
				GCC_WARN_ABOUT_RETURN_TYPE = YES_ERROR;
				GCC_WARN_UNDECLARED_SELECTOR = YES;
				GCC_WARN_UNINITIALIZED_AUTOS = YES_AGGRESSIVE;
				GCC_WARN_UNUSED_FUNCTION = YES;
				GCC_WARN_UNUSED_VARIABLE = YES;
				IPHONEOS_DEPLOYMENT_TARGET = 10.0;
				MTL_ENABLE_DEBUG_INFO = YES;
				ONLY_ACTIVE_ARCH = YES;
				SDKROOT = iphoneos;
				SWIFT_ACTIVE_COMPILATION_CONDITIONS = DEBUG;
				SWIFT_OPTIMIZATION_LEVEL = "-Onone";
				TARGETED_DEVICE_FAMILY = "1,2";
			};
			name = Debug;
		};
		9DA144851DCD59D700E2FA70 /* Release */ = {
			isa = XCBuildConfiguration;
			buildSettings = {
				ALWAYS_SEARCH_USER_PATHS = NO;
				CLANG_ANALYZER_NONNULL = YES;
				CLANG_CXX_LANGUAGE_STANDARD = "gnu++0x";
				CLANG_CXX_LIBRARY = "libc++";
				CLANG_ENABLE_MODULES = YES;
				CLANG_ENABLE_OBJC_ARC = YES;
				CLANG_WARN_BOOL_CONVERSION = YES;
				CLANG_WARN_CONSTANT_CONVERSION = YES;
				CLANG_WARN_DIRECT_OBJC_ISA_USAGE = YES_ERROR;
				CLANG_WARN_DOCUMENTATION_COMMENTS = YES;
				CLANG_WARN_EMPTY_BODY = YES;
				CLANG_WARN_ENUM_CONVERSION = YES;
				CLANG_WARN_INFINITE_RECURSION = YES;
				CLANG_WARN_INT_CONVERSION = YES;
				CLANG_WARN_OBJC_ROOT_CLASS = YES_ERROR;
				CLANG_WARN_SUSPICIOUS_MOVES = YES;
				CLANG_WARN_UNREACHABLE_CODE = YES;
				CLANG_WARN__DUPLICATE_METHOD_MATCH = YES;
				"CODE_SIGN_IDENTITY[sdk=iphoneos*]" = "iPhone Developer";
				COPY_PHASE_STRIP = NO;
				DEBUG_INFORMATION_FORMAT = "dwarf-with-dsym";
				ENABLE_NS_ASSERTIONS = NO;
				ENABLE_STRICT_OBJC_MSGSEND = YES;
				GCC_C_LANGUAGE_STANDARD = gnu99;
				GCC_NO_COMMON_BLOCKS = YES;
				GCC_WARN_64_TO_32_BIT_CONVERSION = YES;
				GCC_WARN_ABOUT_RETURN_TYPE = YES_ERROR;
				GCC_WARN_UNDECLARED_SELECTOR = YES;
				GCC_WARN_UNINITIALIZED_AUTOS = YES_AGGRESSIVE;
				GCC_WARN_UNUSED_FUNCTION = YES;
				GCC_WARN_UNUSED_VARIABLE = YES;
				IPHONEOS_DEPLOYMENT_TARGET = 10.0;
				MTL_ENABLE_DEBUG_INFO = NO;
				SDKROOT = iphoneos;
				SWIFT_OPTIMIZATION_LEVEL = "-Owholemodule";
				TARGETED_DEVICE_FAMILY = "1,2";
				VALIDATE_PRODUCT = YES;
			};
			name = Release;
		};
		9DA144871DCD59D700E2FA70 /* Debug */ = {
			isa = XCBuildConfiguration;
			buildSettings = {
				ASSETCATALOG_COMPILER_APPICON_NAME = AppIcon;
				INFOPLIST_FILE = iQuiz/Info.plist;
				LD_RUNPATH_SEARCH_PATHS = "$(inherited) @executable_path/Frameworks";
				PRODUCT_BUNDLE_IDENTIFIER = com.corstena.iQuiz;
				PRODUCT_NAME = "$(TARGET_NAME)";
				SWIFT_VERSION = 3.0;
			};
			name = Debug;
		};
		9DA144881DCD59D700E2FA70 /* Release */ = {
			isa = XCBuildConfiguration;
			buildSettings = {
				ASSETCATALOG_COMPILER_APPICON_NAME = AppIcon;
				INFOPLIST_FILE = iQuiz/Info.plist;
				LD_RUNPATH_SEARCH_PATHS = "$(inherited) @executable_path/Frameworks";
				PRODUCT_BUNDLE_IDENTIFIER = com.corstena.iQuiz;
				PRODUCT_NAME = "$(TARGET_NAME)";
				SWIFT_VERSION = 3.0;
			};
			name = Release;
		};
		9DA1448A1DCD59D700E2FA70 /* Debug */ = {
			isa = XCBuildConfiguration;
			buildSettings = {
				ALWAYS_EMBED_SWIFT_STANDARD_LIBRARIES = YES;
				BUNDLE_LOADER = "$(TEST_HOST)";
				INFOPLIST_FILE = iQuizTests/Info.plist;
				LD_RUNPATH_SEARCH_PATHS = "$(inherited) @executable_path/Frameworks @loader_path/Frameworks";
				PRODUCT_BUNDLE_IDENTIFIER = com.corstena.iQuizTests;
				PRODUCT_NAME = "$(TARGET_NAME)";
				SWIFT_VERSION = 3.0;
				TEST_HOST = "$(BUILT_PRODUCTS_DIR)/iQuiz.app/iQuiz";
			};
			name = Debug;
		};
		9DA1448B1DCD59D700E2FA70 /* Release */ = {
			isa = XCBuildConfiguration;
			buildSettings = {
				ALWAYS_EMBED_SWIFT_STANDARD_LIBRARIES = YES;
				BUNDLE_LOADER = "$(TEST_HOST)";
				INFOPLIST_FILE = iQuizTests/Info.plist;
				LD_RUNPATH_SEARCH_PATHS = "$(inherited) @executable_path/Frameworks @loader_path/Frameworks";
				PRODUCT_BUNDLE_IDENTIFIER = com.corstena.iQuizTests;
				PRODUCT_NAME = "$(TARGET_NAME)";
				SWIFT_VERSION = 3.0;
				TEST_HOST = "$(BUILT_PRODUCTS_DIR)/iQuiz.app/iQuiz";
			};
			name = Release;
		};
		9DA1448D1DCD59D700E2FA70 /* Debug */ = {
			isa = XCBuildConfiguration;
			buildSettings = {
				ALWAYS_EMBED_SWIFT_STANDARD_LIBRARIES = YES;
				INFOPLIST_FILE = iQuizUITests/Info.plist;
				LD_RUNPATH_SEARCH_PATHS = "$(inherited) @executable_path/Frameworks @loader_path/Frameworks";
				PRODUCT_BUNDLE_IDENTIFIER = com.corstena.iQuizUITests;
				PRODUCT_NAME = "$(TARGET_NAME)";
				SWIFT_VERSION = 3.0;
				TEST_TARGET_NAME = iQuiz;
			};
			name = Debug;
		};
		9DA1448E1DCD59D700E2FA70 /* Release */ = {
			isa = XCBuildConfiguration;
			buildSettings = {
				ALWAYS_EMBED_SWIFT_STANDARD_LIBRARIES = YES;
				INFOPLIST_FILE = iQuizUITests/Info.plist;
				LD_RUNPATH_SEARCH_PATHS = "$(inherited) @executable_path/Frameworks @loader_path/Frameworks";
				PRODUCT_BUNDLE_IDENTIFIER = com.corstena.iQuizUITests;
				PRODUCT_NAME = "$(TARGET_NAME)";
				SWIFT_VERSION = 3.0;
				TEST_TARGET_NAME = iQuiz;
			};
			name = Release;
		};
/* End XCBuildConfiguration section */

/* Begin XCConfigurationList section */
		9DA144591DCD59D600E2FA70 /* Build configuration list for PBXProject "iQuiz" */ = {
			isa = XCConfigurationList;
			buildConfigurations = (
				9DA144841DCD59D700E2FA70 /* Debug */,
				9DA144851DCD59D700E2FA70 /* Release */,
			);
			defaultConfigurationIsVisible = 0;
			defaultConfigurationName = Release;
		};
		9DA144861DCD59D700E2FA70 /* Build configuration list for PBXNativeTarget "iQuiz" */ = {
			isa = XCConfigurationList;
			buildConfigurations = (
				9DA144871DCD59D700E2FA70 /* Debug */,
				9DA144881DCD59D700E2FA70 /* Release */,
			);
			defaultConfigurationIsVisible = 0;
		};
		9DA144891DCD59D700E2FA70 /* Build configuration list for PBXNativeTarget "iQuizTests" */ = {
			isa = XCConfigurationList;
			buildConfigurations = (
				9DA1448A1DCD59D700E2FA70 /* Debug */,
				9DA1448B1DCD59D700E2FA70 /* Release */,
			);
			defaultConfigurationIsVisible = 0;
		};
		9DA1448C1DCD59D700E2FA70 /* Build configuration list for PBXNativeTarget "iQuizUITests" */ = {
			isa = XCConfigurationList;
			buildConfigurations = (
				9DA1448D1DCD59D700E2FA70 /* Debug */,
				9DA1448E1DCD59D700E2FA70 /* Release */,
			);
			defaultConfigurationIsVisible = 0;
		};
/* End XCConfigurationList section */
	};
	rootObject = 9DA144561DCD59D600E2FA70 /* Project object */;
}
